
Microsoft Visual Studio Solution File, Format Version 12.00
# Visual Studio Version 16
VisualStudioVersion = 16.0.29201.188
MinimumVisualStudioVersion = 10.0.40219.1
Project("{FAE04EC0-301F-11D3-BF4B-00C04F79EFBC}") = "Funcionarios", "Funcionarios\Funcionarios.csproj", "{64B18299-2784-4B80-8494-5B2EBC3B77E5}"
EndProject
Global
	GlobalSection(SolutionConfigurationPlatforms) = preSolution
		Debug|Any CPU = Debug|Any CPU
		Release|Any CPU = Release|Any CPU
	EndGlobalSection
	GlobalSection(ProjectConfigurationPlatforms) = postSolution
		{64B18299-2784-4B80-8494-5B2EBC3B77E5}.Debug|Any CPU.ActiveCfg = Debug|Any CPU
		{64B18299-2784-4B80-8494-5B2EBC3B77E5}.Debug|Any CPU.Build.0 = Debug|Any CPU
		{64B18299-2784-4B80-8494-5B2EBC3B77E5}.Release|Any CPU.ActiveCfg = Release|Any CPU
		{64B18299-2784-4B80-8494-5B2EBC3B77E5}.Release|Any CPU.Build.0 = Release|Any CPU
	EndGlobalSection
	GlobalSection(SolutionProperties) = preSolution
		HideSolutionNode = FALSE
	EndGlobalSection
	GlobalSection(ExtensibilityGlobals) = postSolution
		SolutionGuid = {96C34D64-DA5A-455F-8001-285139CDFA1D}
	EndGlobalSection
EndGlobal
